
Microsoft Visual Studio Solution File, Format Version 12.00
# Visual Studio Version 17
VisualStudioVersion = 17.5.002.0
MinimumVisualStudioVersion = 10.0.40219.1
Project("{9A19103F-16F7-4668-BE54-9A1E7A4F7556}") = "frontend", "frontend.csproj", "{AAA0DFDD-BF8D-4EE7-8BE0-68A9BA870967}"
EndProject
Global
	GlobalSection(SolutionConfigurationPlatforms) = preSolution
		Debug|Any CPU = Debug|Any CPU
		Release|Any CPU = Release|Any CPU
	EndGlobalSection
	GlobalSection(ProjectConfigurationPlatforms) = postSolution
		{AAA0DFDD-BF8D-4EE7-8BE0-68A9BA870967}.Debug|Any CPU.ActiveCfg = Debug|Any CPU
		{AAA0DFDD-BF8D-4EE7-8BE0-68A9BA870967}.Debug|Any CPU.Build.0 = Debug|Any CPU
		{AAA0DFDD-BF8D-4EE7-8BE0-68A9BA870967}.Release|Any CPU.ActiveCfg = Release|Any CPU
		{AAA0DFDD-BF8D-4EE7-8BE0-68A9BA870967}.Release|Any CPU.Build.0 = Release|Any CPU
	EndGlobalSection
	GlobalSection(SolutionProperties) = preSolution
		HideSolutionNode = FALSE
	EndGlobalSection
	GlobalSection(ExtensibilityGlobals) = postSolution
		SolutionGuid = {D92CC5EE-A9D4-44D2-B53D-AFBF7D0F1A80}
	EndGlobalSection
EndGlobal
